
Microsoft Visual Studio Solution File, Format Version 12.00
# Visual Studio Version 17
VisualStudioVersion = 17.14.36414.22 d17.14
MinimumVisualStudioVersion = 10.0.40219.1
Project("{FAE04EC0-301F-11D3-BF4B-00C04F79EFBC}") = "QueueSystem.Implement", "QueueSystem.Implement\QueueSystem.Implement.csproj", "{16FE615A-EED6-49FE-AB66-E1F7A6C54E9D}"
EndProject
Project("{FAE04EC0-301F-11D3-BF4B-00C04F79EFBC}") = "QueueSystem.API", "QueueSystem.API\QueueSystem.API.csproj", "{C80F640B-278E-4884-8615-ECF5CEEDD24A}"
EndProject
Project("{FAE04EC0-301F-11D3-BF4B-00C04F79EFBC}") = "QueueSystem.Common", "QueueSystem.Common\QueueSystem.Common.csproj", "{171F7056-BC91-4BB1-8B2B-EE05E09C8DBC}"
EndProject
Global
	GlobalSection(SolutionConfigurationPlatforms) = preSolution
		Debug|Any CPU = Debug|Any CPU
		Release|Any CPU = Release|Any CPU
	EndGlobalSection
	GlobalSection(ProjectConfigurationPlatforms) = postSolution
		{16FE615A-EED6-49FE-AB66-E1F7A6C54E9D}.Debug|Any CPU.ActiveCfg = Debug|Any CPU
		{16FE615A-EED6-49FE-AB66-E1F7A6C54E9D}.Debug|Any CPU.Build.0 = Debug|Any CPU
		{16FE615A-EED6-49FE-AB66-E1F7A6C54E9D}.Release|Any CPU.ActiveCfg = Release|Any CPU
		{16FE615A-EED6-49FE-AB66-E1F7A6C54E9D}.Release|Any CPU.Build.0 = Release|Any CPU
		{C80F640B-278E-4884-8615-ECF5CEEDD24A}.Debug|Any CPU.ActiveCfg = Debug|Any CPU
		{C80F640B-278E-4884-8615-ECF5CEEDD24A}.Debug|Any CPU.Build.0 = Debug|Any CPU
		{C80F640B-278E-4884-8615-ECF5CEEDD24A}.Release|Any CPU.ActiveCfg = Release|Any CPU
		{C80F640B-278E-4884-8615-ECF5CEEDD24A}.Release|Any CPU.Build.0 = Release|Any CPU
		{171F7056-BC91-4BB1-8B2B-EE05E09C8DBC}.Debug|Any CPU.ActiveCfg = Debug|Any CPU
		{171F7056-BC91-4BB1-8B2B-EE05E09C8DBC}.Debug|Any CPU.Build.0 = Debug|Any CPU
		{171F7056-BC91-4BB1-8B2B-EE05E09C8DBC}.Release|Any CPU.ActiveCfg = Release|Any CPU
		{171F7056-BC91-4BB1-8B2B-EE05E09C8DBC}.Release|Any CPU.Build.0 = Release|Any CPU
	EndGlobalSection
	GlobalSection(SolutionProperties) = preSolution
		HideSolutionNode = FALSE
	EndGlobalSection
	GlobalSection(ExtensibilityGlobals) = postSolution
		SolutionGuid = {CD87228B-529F-4893-A8B8-8D4E07422ABE}
	EndGlobalSection
EndGlobal
